
Microsoft Visual Studio Solution File, Format Version 12.00
# Visual Studio Version 17
VisualStudioVersion = 17.2.32519.379
MinimumVisualStudioVersion = 10.0.40219.1
Project("{FAE04EC0-301F-11D3-BF4B-00C04F79EFBC}") = "Online", "Online\Online.csproj", "{A83D7FAA-B0DB-4F77-B8C3-6F0E1BBB0F3C}"
EndProject
Global
	GlobalSection(SolutionConfigurationPlatforms) = preSolution
		Debug|Any CPU = Debug|Any CPU
		Release|Any CPU = Release|Any CPU
	EndGlobalSection
	GlobalSection(ProjectConfigurationPlatforms) = postSolution
		{A83D7FAA-B0DB-4F77-B8C3-6F0E1BBB0F3C}.Debug|Any CPU.ActiveCfg = Debug|Any CPU
		{A83D7FAA-B0DB-4F77-B8C3-6F0E1BBB0F3C}.Debug|Any CPU.Build.0 = Debug|Any CPU
		{A83D7FAA-B0DB-4F77-B8C3-6F0E1BBB0F3C}.Release|Any CPU.ActiveCfg = Release|Any CPU
		{A83D7FAA-B0DB-4F77-B8C3-6F0E1BBB0F3C}.Release|Any CPU.Build.0 = Release|Any CPU
	EndGlobalSection
	GlobalSection(SolutionProperties) = preSolution
		HideSolutionNode = FALSE
	EndGlobalSection
	GlobalSection(ExtensibilityGlobals) = postSolution
		SolutionGuid = {BAF8DD06-4E75-4F9A-BE59-EE763D140F79}
	EndGlobalSection
EndGlobal
