
Microsoft Visual Studio Solution File, Format Version 12.00
# Visual Studio Version 17
VisualStudioVersion = 17.2.32519.379
MinimumVisualStudioVersion = 10.0.40219.1
Project("{FAE04EC0-301F-11D3-BF4B-00C04F79EFBC}") = "S", "S\S.csproj", "{1865AE02-06EB-481B-BAB4-95FF28EB1ADC}"
EndProject
Global
	GlobalSection(SolutionConfigurationPlatforms) = preSolution
		Debug|Any CPU = Debug|Any CPU
		Release|Any CPU = Release|Any CPU
	EndGlobalSection
	GlobalSection(ProjectConfigurationPlatforms) = postSolution
		{1865AE02-06EB-481B-BAB4-95FF28EB1ADC}.Debug|Any CPU.ActiveCfg = Debug|Any CPU
		{1865AE02-06EB-481B-BAB4-95FF28EB1ADC}.Debug|Any CPU.Build.0 = Debug|Any CPU
		{1865AE02-06EB-481B-BAB4-95FF28EB1ADC}.Release|Any CPU.ActiveCfg = Release|Any CPU
		{1865AE02-06EB-481B-BAB4-95FF28EB1ADC}.Release|Any CPU.Build.0 = Release|Any CPU
	EndGlobalSection
	GlobalSection(SolutionProperties) = preSolution
		HideSolutionNode = FALSE
	EndGlobalSection
	GlobalSection(ExtensibilityGlobals) = postSolution
		SolutionGuid = {D4E3DE68-48B5-4EE5-B4C5-967C5DE8D922}
	EndGlobalSection
EndGlobal
